
Microsoft Visual Studio Solution File, Format Version 12.00
# Visual Studio 2013
VisualStudioVersion = 12.0.31101.0
MinimumVisualStudioVersion = 10.0.40219.1
Project("{FAE04EC0-301F-11D3-BF4B-00C04F79EFBC}") = "VJeek.Microdata.Tests", "VJeek.Microdata.Tests\VJeek.Microdata.Tests.csproj", "{38ED4E22-7B2C-4DFD-8946-97534F177955}"
EndProject
Project("{FAE04EC0-301F-11D3-BF4B-00C04F79EFBC}") = "VJeek.Microdata", "VJeek.Microdata\VJeek.Microdata.csproj", "{6EAA5122-BFB0-445E-B1C5-06CCD90F5600}"
EndProject
Global
	GlobalSection(SolutionConfigurationPlatforms) = preSolution
		Debug|Any CPU = Debug|Any CPU
		Release|Any CPU = Release|Any CPU
	EndGlobalSection
	GlobalSection(ProjectConfigurationPlatforms) = postSolution
		{38ED4E22-7B2C-4DFD-8946-97534F177955}.Debug|Any CPU.ActiveCfg = Debug|Any CPU
		{38ED4E22-7B2C-4DFD-8946-97534F177955}.Debug|Any CPU.Build.0 = Debug|Any CPU
		{38ED4E22-7B2C-4DFD-8946-97534F177955}.Release|Any CPU.ActiveCfg = Release|Any CPU
		{38ED4E22-7B2C-4DFD-8946-97534F177955}.Release|Any CPU.Build.0 = Release|Any CPU
		{6EAA5122-BFB0-445E-B1C5-06CCD90F5600}.Debug|Any CPU.ActiveCfg = Debug|Any CPU
		{6EAA5122-BFB0-445E-B1C5-06CCD90F5600}.Debug|Any CPU.Build.0 = Debug|Any CPU
		{6EAA5122-BFB0-445E-B1C5-06CCD90F5600}.Release|Any CPU.ActiveCfg = Release|Any CPU
		{6EAA5122-BFB0-445E-B1C5-06CCD90F5600}.Release|Any CPU.Build.0 = Release|Any CPU
	EndGlobalSection
	GlobalSection(SolutionProperties) = preSolution
		HideSolutionNode = FALSE
	EndGlobalSection
EndGlobal
